
Microsoft Visual Studio Solution File, Format Version 12.00
# Visual Studio Version 16
VisualStudioVersion = 16.0.31702.278
MinimumVisualStudioVersion = 10.0.40219.1
Project("{8BC9CEB8-8B4A-11D0-8D11-00A0C91BC942}") = "lab_2_6", "lab_2_6.vcxproj", "{B5D97225-9AA0-487E-8B6F-AF05D1C112E3}"
EndProject
Project("{8BC9CEB8-8B4A-11D0-8D11-00A0C91BC942}") = "UnitTest1", "UnitTest1\UnitTest1.vcxproj", "{0159B019-7CD5-486E-98D1-954E25BE0C82}"
EndProject
Global
	GlobalSection(SolutionConfigurationPlatforms) = preSolution
		Debug|x64 = Debug|x64
		Debug|x86 = Debug|x86
		Release|x64 = Release|x64
		Release|x86 = Release|x86
	EndGlobalSection
	GlobalSection(ProjectConfigurationPlatforms) = postSolution
		{B5D97225-9AA0-487E-8B6F-AF05D1C112E3}.Debug|x64.ActiveCfg = Debug|x64
		{B5D97225-9AA0-487E-8B6F-AF05D1C112E3}.Debug|x64.Build.0 = Debug|x64
		{B5D97225-9AA0-487E-8B6F-AF05D1C112E3}.Debug|x86.ActiveCfg = Debug|Win32
		{B5D97225-9AA0-487E-8B6F-AF05D1C112E3}.Debug|x86.Build.0 = Debug|Win32
		{B5D97225-9AA0-487E-8B6F-AF05D1C112E3}.Release|x64.ActiveCfg = Release|x64
		{B5D97225-9AA0-487E-8B6F-AF05D1C112E3}.Release|x64.Build.0 = Release|x64
		{B5D97225-9AA0-487E-8B6F-AF05D1C112E3}.Release|x86.ActiveCfg = Release|Win32
		{B5D97225-9AA0-487E-8B6F-AF05D1C112E3}.Release|x86.Build.0 = Release|Win32
		{0159B019-7CD5-486E-98D1-954E25BE0C82}.Debug|x64.ActiveCfg = Debug|x64
		{0159B019-7CD5-486E-98D1-954E25BE0C82}.Debug|x64.Build.0 = Debug|x64
		{0159B019-7CD5-486E-98D1-954E25BE0C82}.Debug|x86.ActiveCfg = Debug|Win32
		{0159B019-7CD5-486E-98D1-954E25BE0C82}.Debug|x86.Build.0 = Debug|Win32
		{0159B019-7CD5-486E-98D1-954E25BE0C82}.Release|x64.ActiveCfg = Release|x64
		{0159B019-7CD5-486E-98D1-954E25BE0C82}.Release|x64.Build.0 = Release|x64
		{0159B019-7CD5-486E-98D1-954E25BE0C82}.Release|x86.ActiveCfg = Release|Win32
		{0159B019-7CD5-486E-98D1-954E25BE0C82}.Release|x86.Build.0 = Release|Win32
	EndGlobalSection
	GlobalSection(SolutionProperties) = preSolution
		HideSolutionNode = FALSE
	EndGlobalSection
	GlobalSection(ExtensibilityGlobals) = postSolution
		SolutionGuid = {C4D2183C-82CB-405A-ABEF-7A2E4D428136}
	EndGlobalSection
EndGlobal
